
Microsoft Visual Studio Solution File, Format Version 12.00
# Visual Studio Version 17
VisualStudioVersion = 17.4.33103.184
MinimumVisualStudioVersion = 10.0.40219.1
Project("{FAE04EC0-301F-11D3-BF4B-00C04F79EFBC}") = "AuthenticationService", "AuthenticationService\AuthenticationService.csproj", "{D406E6B3-75B7-475D-AE2D-862A11AC510D}"
EndProject
Global
	GlobalSection(SolutionConfigurationPlatforms) = preSolution
		Debug|Any CPU = Debug|Any CPU
		Release|Any CPU = Release|Any CPU
	EndGlobalSection
	GlobalSection(ProjectConfigurationPlatforms) = postSolution
		{D406E6B3-75B7-475D-AE2D-862A11AC510D}.Debug|Any CPU.ActiveCfg = Debug|Any CPU
		{D406E6B3-75B7-475D-AE2D-862A11AC510D}.Debug|Any CPU.Build.0 = Debug|Any CPU
		{D406E6B3-75B7-475D-AE2D-862A11AC510D}.Release|Any CPU.ActiveCfg = Release|Any CPU
		{D406E6B3-75B7-475D-AE2D-862A11AC510D}.Release|Any CPU.Build.0 = Release|Any CPU
	EndGlobalSection
	GlobalSection(SolutionProperties) = preSolution
		HideSolutionNode = FALSE
	EndGlobalSection
	GlobalSection(ExtensibilityGlobals) = postSolution
		SolutionGuid = {4BAF80C7-1EF5-4EE2-90B6-5C0BAACCF330}
	EndGlobalSection
EndGlobal
